
Microsoft Visual Studio Solution File, Format Version 12.00
# Visual Studio Version 17
VisualStudioVersion = 17.14.36414.22 d17.14
MinimumVisualStudioVersion = 10.0.40219.1
Project("{2150E333-8FDC-42A3-9474-1A3956D46DE8}") = "Core", "Core", "{02EA681E-C7D8-13C7-8484-4AC65E1B71E8}"
EndProject
Project("{2150E333-8FDC-42A3-9474-1A3956D46DE8}") = "Infrastructure", "Infrastructure", "{9CCF83C5-851D-4340-8458-106E3051BC5A}"
EndProject
Project("{2150E333-8FDC-42A3-9474-1A3956D46DE8}") = "Presentation", "Presentation", "{A41B262F-D7FE-4412-85C5-257670451143}"
EndProject
Project("{FAE04EC0-301F-11D3-BF4B-00C04F79EFBC}") = "MrBekoXBlogAppServer.Domain", "Core\MrBekoXBlogAppServer.Domain\MrBekoXBlogAppServer.Domain.csproj", "{C67E5532-9F7F-4792-B357-24843E1EDC7B}"
EndProject
Project("{FAE04EC0-301F-11D3-BF4B-00C04F79EFBC}") = "MrBekoXBlogAppServer.Application", "Core\MrBekoXBlogAppServer.Application\MrBekoXBlogAppServer.Application.csproj", "{5DDDF389-36CB-45E6-A933-582E860435B7}"
EndProject
Project("{FAE04EC0-301F-11D3-BF4B-00C04F79EFBC}") = "MrBekoXBlogAppServer.Infrastructure", "Infrastructure\MrBekoXBlogAppServer.Infrastructure\MrBekoXBlogAppServer.Infrastructure.csproj", "{63571128-FC08-4B19-8F69-28667B3DAC56}"
EndProject
Project("{FAE04EC0-301F-11D3-BF4B-00C04F79EFBC}") = "MrBekoXBlogAppServer.Persistence", "Infrastructure\MrBekoXBlogAppServer.Persistence\MrBekoXBlogAppServer.Persistence.csproj", "{738D234D-320C-4FEE-8E37-EDB26514B290}"
EndProject
Project("{FAE04EC0-301F-11D3-BF4B-00C04F79EFBC}") = "MrBekoXBlogAppServer.API", "Presentation\MrBekoXBlogAppServer.API\MrBekoXBlogAppServer.API.csproj", "{0608BB58-068C-45BD-84FD-A3C13A518B1E}"
EndProject
Global
	GlobalSection(SolutionConfigurationPlatforms) = preSolution
		Debug|Any CPU = Debug|Any CPU
		Release|Any CPU = Release|Any CPU
	EndGlobalSection
	GlobalSection(ProjectConfigurationPlatforms) = postSolution
		{C67E5532-9F7F-4792-B357-24843E1EDC7B}.Debug|Any CPU.ActiveCfg = Debug|Any CPU
		{C67E5532-9F7F-4792-B357-24843E1EDC7B}.Debug|Any CPU.Build.0 = Debug|Any CPU
		{C67E5532-9F7F-4792-B357-24843E1EDC7B}.Release|Any CPU.ActiveCfg = Release|Any CPU
		{C67E5532-9F7F-4792-B357-24843E1EDC7B}.Release|Any CPU.Build.0 = Release|Any CPU
		{5DDDF389-36CB-45E6-A933-582E860435B7}.Debug|Any CPU.ActiveCfg = Debug|Any CPU
		{5DDDF389-36CB-45E6-A933-582E860435B7}.Debug|Any CPU.Build.0 = Debug|Any CPU
		{5DDDF389-36CB-45E6-A933-582E860435B7}.Release|Any CPU.ActiveCfg = Release|Any CPU
		{5DDDF389-36CB-45E6-A933-582E860435B7}.Release|Any CPU.Build.0 = Release|Any CPU
		{63571128-FC08-4B19-8F69-28667B3DAC56}.Debug|Any CPU.ActiveCfg = Debug|Any CPU
		{63571128-FC08-4B19-8F69-28667B3DAC56}.Debug|Any CPU.Build.0 = Debug|Any CPU
		{63571128-FC08-4B19-8F69-28667B3DAC56}.Release|Any CPU.ActiveCfg = Release|Any CPU
		{63571128-FC08-4B19-8F69-28667B3DAC56}.Release|Any CPU.Build.0 = Release|Any CPU
		{738D234D-320C-4FEE-8E37-EDB26514B290}.Debug|Any CPU.ActiveCfg = Debug|Any CPU
		{738D234D-320C-4FEE-8E37-EDB26514B290}.Debug|Any CPU.Build.0 = Debug|Any CPU
		{738D234D-320C-4FEE-8E37-EDB26514B290}.Release|Any CPU.ActiveCfg = Release|Any CPU
		{738D234D-320C-4FEE-8E37-EDB26514B290}.Release|Any CPU.Build.0 = Release|Any CPU
		{0608BB58-068C-45BD-84FD-A3C13A518B1E}.Debug|Any CPU.ActiveCfg = Debug|Any CPU
		{0608BB58-068C-45BD-84FD-A3C13A518B1E}.Debug|Any CPU.Build.0 = Debug|Any CPU
		{0608BB58-068C-45BD-84FD-A3C13A518B1E}.Release|Any CPU.ActiveCfg = Release|Any CPU
		{0608BB58-068C-45BD-84FD-A3C13A518B1E}.Release|Any CPU.Build.0 = Release|Any CPU
	EndGlobalSection
	GlobalSection(SolutionProperties) = preSolution
		HideSolutionNode = FALSE
	EndGlobalSection
	GlobalSection(NestedProjects) = preSolution
		{C67E5532-9F7F-4792-B357-24843E1EDC7B} = {02EA681E-C7D8-13C7-8484-4AC65E1B71E8}
		{5DDDF389-36CB-45E6-A933-582E860435B7} = {02EA681E-C7D8-13C7-8484-4AC65E1B71E8}
		{63571128-FC08-4B19-8F69-28667B3DAC56} = {9CCF83C5-851D-4340-8458-106E3051BC5A}
		{738D234D-320C-4FEE-8E37-EDB26514B290} = {9CCF83C5-851D-4340-8458-106E3051BC5A}
		{0608BB58-068C-45BD-84FD-A3C13A518B1E} = {A41B262F-D7FE-4412-85C5-257670451143}
	EndGlobalSection
	GlobalSection(ExtensibilityGlobals) = postSolution
		SolutionGuid = {9B47B870-67F3-4863-B003-1CA44D8EC807}
	EndGlobalSection
EndGlobal
